
Microsoft Visual Studio Solution File, Format Version 12.00
# Visual Studio Version 17
VisualStudioVersion = 17.14.36414.22 d17.14
MinimumVisualStudioVersion = 10.0.40219.1
Project("{FAE04EC0-301F-11D3-BF4B-00C04F79EFBC}") = "PrimerosEjercicios", "PrimerosEjercicios\PrimerosEjercicios.csproj", "{BC6FF02E-3D06-4CFF-9538-8B85BBC34E90}"
EndProject
Global
	GlobalSection(SolutionConfigurationPlatforms) = preSolution
		Debug|Any CPU = Debug|Any CPU
		Release|Any CPU = Release|Any CPU
	EndGlobalSection
	GlobalSection(ProjectConfigurationPlatforms) = postSolution
		{BC6FF02E-3D06-4CFF-9538-8B85BBC34E90}.Debug|Any CPU.ActiveCfg = Debug|Any CPU
		{BC6FF02E-3D06-4CFF-9538-8B85BBC34E90}.Debug|Any CPU.Build.0 = Debug|Any CPU
		{BC6FF02E-3D06-4CFF-9538-8B85BBC34E90}.Release|Any CPU.ActiveCfg = Release|Any CPU
		{BC6FF02E-3D06-4CFF-9538-8B85BBC34E90}.Release|Any CPU.Build.0 = Release|Any CPU
	EndGlobalSection
	GlobalSection(SolutionProperties) = preSolution
		HideSolutionNode = FALSE
	EndGlobalSection
	GlobalSection(ExtensibilityGlobals) = postSolution
		SolutionGuid = {B9A49171-B51E-4D0A-89E5-E3EBAAA4ECB9}
	EndGlobalSection
EndGlobal
